
Microsoft Visual Studio Solution File, Format Version 12.00
# Visual Studio Version 17
VisualStudioVersion = 17.5.33516.290
MinimumVisualStudioVersion = 10.0.40219.1
Project("{9A19103F-16F7-4668-BE54-9A1E7A4F7556}") = "Feirapp.Domain", "Feirapp.Domain\Feirapp.Domain.csproj", "{9D989D61-2D76-494F-9DFF-B79929F61A24}"
EndProject
Project("{9A19103F-16F7-4668-BE54-9A1E7A4F7556}") = "Feirapp.API", "Feirapp.API\Feirapp.API.csproj", "{A41F01AD-ABC5-47B8-B0C0-3E2531594979}"
EndProject
Project("{9A19103F-16F7-4668-BE54-9A1E7A4F7556}") = "Feirapp.Tests", "Feirapp.Tests\Feirapp.Tests.csproj", "{4E4F558C-AC02-4651-991F-024B92B9F67A}"
EndProject
Project("{2150E333-8FDC-42A3-9474-1A3956D46DE8}") = "1 - WebAPI", "1 - WebAPI", "{3A1E750B-B517-4ACB-8ECD-387567735D64}"
EndProject
Project("{2150E333-8FDC-42A3-9474-1A3956D46DE8}") = "2 - Domain", "2 - Domain", "{AFD827CF-4F07-41E3-B51B-DE94E8539536}"
EndProject
Project("{2150E333-8FDC-42A3-9474-1A3956D46DE8}") = "3 - Infrastructure", "3 - Infrastructure", "{65B61302-CB54-4911-A43E-31D658B775E3}"
EndProject
Project("{2150E333-8FDC-42A3-9474-1A3956D46DE8}") = "4 - Entities", "4 - Entities", "{69D7E3F1-AEC7-4AE3-85A3-F925CF03FC53}"
EndProject
Project("{2150E333-8FDC-42A3-9474-1A3956D46DE8}") = "5 - Tests", "5 - Tests", "{F29A9AA5-2FE8-4C92-889B-9CC41DDBAED2}"
EndProject
Project("{FAE04EC0-301F-11D3-BF4B-00C04F79EFBC}") = "Feirapp.Infrastructure", "Feirapp.Infrastructure\Feirapp.Infrastructure.csproj", "{05593F28-BFF6-4E75-AA37-01F8BE321C9B}"
EndProject
Project("{FAE04EC0-301F-11D3-BF4B-00C04F79EFBC}") = "Feirapp.Entities", "Feirapp.Entities\Feirapp.Entities.csproj", "{09F3844A-D572-4F14-8BEC-56EA76723345}"
EndProject
Global
	GlobalSection(SolutionConfigurationPlatforms) = preSolution
		Debug|Any CPU = Debug|Any CPU
		Release|Any CPU = Release|Any CPU
	EndGlobalSection
	GlobalSection(ProjectConfigurationPlatforms) = postSolution
		{9D989D61-2D76-494F-9DFF-B79929F61A24}.Debug|Any CPU.ActiveCfg = Debug|Any CPU
		{9D989D61-2D76-494F-9DFF-B79929F61A24}.Debug|Any CPU.Build.0 = Debug|Any CPU
		{9D989D61-2D76-494F-9DFF-B79929F61A24}.Release|Any CPU.ActiveCfg = Release|Any CPU
		{9D989D61-2D76-494F-9DFF-B79929F61A24}.Release|Any CPU.Build.0 = Release|Any CPU
		{A41F01AD-ABC5-47B8-B0C0-3E2531594979}.Debug|Any CPU.ActiveCfg = Debug|Any CPU
		{A41F01AD-ABC5-47B8-B0C0-3E2531594979}.Debug|Any CPU.Build.0 = Debug|Any CPU
		{A41F01AD-ABC5-47B8-B0C0-3E2531594979}.Release|Any CPU.ActiveCfg = Release|Any CPU
		{A41F01AD-ABC5-47B8-B0C0-3E2531594979}.Release|Any CPU.Build.0 = Release|Any CPU
		{4E4F558C-AC02-4651-991F-024B92B9F67A}.Debug|Any CPU.ActiveCfg = Debug|Any CPU
		{4E4F558C-AC02-4651-991F-024B92B9F67A}.Debug|Any CPU.Build.0 = Debug|Any CPU
		{4E4F558C-AC02-4651-991F-024B92B9F67A}.Release|Any CPU.ActiveCfg = Release|Any CPU
		{4E4F558C-AC02-4651-991F-024B92B9F67A}.Release|Any CPU.Build.0 = Release|Any CPU
		{05593F28-BFF6-4E75-AA37-01F8BE321C9B}.Debug|Any CPU.ActiveCfg = Debug|Any CPU
		{05593F28-BFF6-4E75-AA37-01F8BE321C9B}.Debug|Any CPU.Build.0 = Debug|Any CPU
		{05593F28-BFF6-4E75-AA37-01F8BE321C9B}.Release|Any CPU.ActiveCfg = Release|Any CPU
		{05593F28-BFF6-4E75-AA37-01F8BE321C9B}.Release|Any CPU.Build.0 = Release|Any CPU
		{09F3844A-D572-4F14-8BEC-56EA76723345}.Debug|Any CPU.ActiveCfg = Debug|Any CPU
		{09F3844A-D572-4F14-8BEC-56EA76723345}.Debug|Any CPU.Build.0 = Debug|Any CPU
		{09F3844A-D572-4F14-8BEC-56EA76723345}.Release|Any CPU.ActiveCfg = Release|Any CPU
		{09F3844A-D572-4F14-8BEC-56EA76723345}.Release|Any CPU.Build.0 = Release|Any CPU
	EndGlobalSection
	GlobalSection(SolutionProperties) = preSolution
		HideSolutionNode = FALSE
	EndGlobalSection
	GlobalSection(NestedProjects) = preSolution
		{9D989D61-2D76-494F-9DFF-B79929F61A24} = {AFD827CF-4F07-41E3-B51B-DE94E8539536}
		{A41F01AD-ABC5-47B8-B0C0-3E2531594979} = {3A1E750B-B517-4ACB-8ECD-387567735D64}
		{4E4F558C-AC02-4651-991F-024B92B9F67A} = {F29A9AA5-2FE8-4C92-889B-9CC41DDBAED2}
		{05593F28-BFF6-4E75-AA37-01F8BE321C9B} = {65B61302-CB54-4911-A43E-31D658B775E3}
		{09F3844A-D572-4F14-8BEC-56EA76723345} = {69D7E3F1-AEC7-4AE3-85A3-F925CF03FC53}
	EndGlobalSection
	GlobalSection(ExtensibilityGlobals) = postSolution
		SolutionGuid = {D821A0A5-0B8E-4AD1-AD7B-7A32287D5B13}
	EndGlobalSection
EndGlobal
